
Microsoft Visual Studio Solution File, Format Version 12.00
# Visual Studio 15
Project("{FAE04EC0-301F-11D3-BF4B-00C04F79EFBC}") = "Assembly-CSharp", "Assembly-CSharp.csproj", "{4E8A3A5D-89D1-9562-A0EE-B28B5B6FC933}"
EndProject
Project("{FAE04EC0-301F-11D3-BF4B-00C04F79EFBC}") = "Assembly-CSharp-Editor", "Assembly-CSharp-Editor.csproj", "{F53F3937-B887-76C9-9796-18A6C44A35EA}"
EndProject
Global
	GlobalSection(SolutionConfigurationPlatforms) = preSolution
		Debug|Any CPU = Debug|Any CPU
		Release|Any CPU = Release|Any CPU
	EndGlobalSection
	GlobalSection(ProjectConfigurationPlatforms) = postSolution
		{4E8A3A5D-89D1-9562-A0EE-B28B5B6FC933}.Debug|Any CPU.ActiveCfg = Debug|Any CPU
		{4E8A3A5D-89D1-9562-A0EE-B28B5B6FC933}.Debug|Any CPU.Build.0 = Debug|Any CPU
		{4E8A3A5D-89D1-9562-A0EE-B28B5B6FC933}.Release|Any CPU.ActiveCfg = Release|Any CPU
		{4E8A3A5D-89D1-9562-A0EE-B28B5B6FC933}.Release|Any CPU.Build.0 = Release|Any CPU
		{F53F3937-B887-76C9-9796-18A6C44A35EA}.Debug|Any CPU.ActiveCfg = Debug|Any CPU
		{F53F3937-B887-76C9-9796-18A6C44A35EA}.Debug|Any CPU.Build.0 = Debug|Any CPU
		{F53F3937-B887-76C9-9796-18A6C44A35EA}.Release|Any CPU.ActiveCfg = Release|Any CPU
		{F53F3937-B887-76C9-9796-18A6C44A35EA}.Release|Any CPU.Build.0 = Release|Any CPU
	EndGlobalSection
	GlobalSection(SolutionProperties) = preSolution
		HideSolutionNode = FALSE
	EndGlobalSection
EndGlobal
